
Microsoft Visual Studio Solution File, Format Version 12.00
# Visual Studio 15
VisualStudioVersion = 15.0.26730.16
MinimumVisualStudioVersion = 10.0.40219.1
Project("{FAE04EC0-301F-11D3-BF4B-00C04F79EFBC}") = "Login", "Login\Login.csproj", "{7A73C6B4-E615-468C-B357-2B8724A4AF10}"
EndProject
Project("{FAE04EC0-301F-11D3-BF4B-00C04F79EFBC}") = "Login.BL", "Login.BL\Login.BL.csproj", "{72CFBC20-1DDB-4EF4-9492-FA1CE8E0288F}"
EndProject
Global
	GlobalSection(SolutionConfigurationPlatforms) = preSolution
		Debug|Any CPU = Debug|Any CPU
		Release|Any CPU = Release|Any CPU
	EndGlobalSection
	GlobalSection(ProjectConfigurationPlatforms) = postSolution
		{7A73C6B4-E615-468C-B357-2B8724A4AF10}.Debug|Any CPU.ActiveCfg = Debug|Any CPU
		{7A73C6B4-E615-468C-B357-2B8724A4AF10}.Debug|Any CPU.Build.0 = Debug|Any CPU
		{7A73C6B4-E615-468C-B357-2B8724A4AF10}.Release|Any CPU.ActiveCfg = Release|Any CPU
		{7A73C6B4-E615-468C-B357-2B8724A4AF10}.Release|Any CPU.Build.0 = Release|Any CPU
		{72CFBC20-1DDB-4EF4-9492-FA1CE8E0288F}.Debug|Any CPU.ActiveCfg = Debug|Any CPU
		{72CFBC20-1DDB-4EF4-9492-FA1CE8E0288F}.Debug|Any CPU.Build.0 = Debug|Any CPU
		{72CFBC20-1DDB-4EF4-9492-FA1CE8E0288F}.Release|Any CPU.ActiveCfg = Release|Any CPU
		{72CFBC20-1DDB-4EF4-9492-FA1CE8E0288F}.Release|Any CPU.Build.0 = Release|Any CPU
	EndGlobalSection
	GlobalSection(SolutionProperties) = preSolution
		HideSolutionNode = FALSE
	EndGlobalSection
	GlobalSection(ExtensibilityGlobals) = postSolution
		SolutionGuid = {4AF6EA5C-B3DA-4BE7-A662-FC4BB9F9471D}
	EndGlobalSection
EndGlobal
